
Microsoft Visual Studio Solution File, Format Version 12.00
# Visual Studio Version 16
VisualStudioVersion = 16.0.28803.352
MinimumVisualStudioVersion = 10.0.40219.1
Project("{FAE04EC0-301F-11D3-BF4B-00C04F79EFBC}") = "NotesPad", "NotesPad\NotesPad.csproj", "{D175C9B9-EAF6-4F71-8CC3-4E1A0DA4DE0F}"
EndProject
Project("{FAE04EC0-301F-11D3-BF4B-00C04F79EFBC}") = "NotesPad.Data", "NotesPad.Data\NotesPad.Data.csproj", "{EC9816C2-85FA-4998-8299-0F3533DC3029}"
EndProject
Project("{FAE04EC0-301F-11D3-BF4B-00C04F79EFBC}") = "NotesPad.Data.Tests", "NotesPad.Data.Tests\NotesPad.Data.Tests.csproj", "{B73AA156-9735-43E4-8029-5DD1F0D89B4B}"
EndProject
Project("{FAE04EC0-301F-11D3-BF4B-00C04F79EFBC}") = "NotesPad.Objects", "NotesPad.Objects\NotesPad.Objects.csproj", "{D6698553-B0C7-4967-AA6D-16BC09F234A3}"
EndProject
Project("{FAE04EC0-301F-11D3-BF4B-00C04F79EFBC}") = "NotesPad.Services", "NotesPad.Services\NotesPad.Services.csproj", "{740B80B1-BDA9-4520-98EA-5341D7AECAAA}"
EndProject
Project("{FAE04EC0-301F-11D3-BF4B-00C04F79EFBC}") = "NotesPad.Services.Tests", "NotesPad.Services.Tests\NotesPad.Services.Tests.csproj", "{01FE83F4-9A9A-4E0F-96D4-CCD72B19429A}"
EndProject
Global
	GlobalSection(SolutionConfigurationPlatforms) = preSolution
		Debug|Any CPU = Debug|Any CPU
		Release|Any CPU = Release|Any CPU
	EndGlobalSection
	GlobalSection(ProjectConfigurationPlatforms) = postSolution
		{D175C9B9-EAF6-4F71-8CC3-4E1A0DA4DE0F}.Debug|Any CPU.ActiveCfg = Debug|Any CPU
		{D175C9B9-EAF6-4F71-8CC3-4E1A0DA4DE0F}.Debug|Any CPU.Build.0 = Debug|Any CPU
		{D175C9B9-EAF6-4F71-8CC3-4E1A0DA4DE0F}.Release|Any CPU.ActiveCfg = Release|Any CPU
		{D175C9B9-EAF6-4F71-8CC3-4E1A0DA4DE0F}.Release|Any CPU.Build.0 = Release|Any CPU
		{EC9816C2-85FA-4998-8299-0F3533DC3029}.Debug|Any CPU.ActiveCfg = Debug|Any CPU
		{EC9816C2-85FA-4998-8299-0F3533DC3029}.Debug|Any CPU.Build.0 = Debug|Any CPU
		{EC9816C2-85FA-4998-8299-0F3533DC3029}.Release|Any CPU.ActiveCfg = Release|Any CPU
		{EC9816C2-85FA-4998-8299-0F3533DC3029}.Release|Any CPU.Build.0 = Release|Any CPU
		{B73AA156-9735-43E4-8029-5DD1F0D89B4B}.Debug|Any CPU.ActiveCfg = Debug|Any CPU
		{B73AA156-9735-43E4-8029-5DD1F0D89B4B}.Debug|Any CPU.Build.0 = Debug|Any CPU
		{B73AA156-9735-43E4-8029-5DD1F0D89B4B}.Release|Any CPU.ActiveCfg = Release|Any CPU
		{B73AA156-9735-43E4-8029-5DD1F0D89B4B}.Release|Any CPU.Build.0 = Release|Any CPU
		{D6698553-B0C7-4967-AA6D-16BC09F234A3}.Debug|Any CPU.ActiveCfg = Debug|Any CPU
		{D6698553-B0C7-4967-AA6D-16BC09F234A3}.Debug|Any CPU.Build.0 = Debug|Any CPU
		{D6698553-B0C7-4967-AA6D-16BC09F234A3}.Release|Any CPU.ActiveCfg = Release|Any CPU
		{D6698553-B0C7-4967-AA6D-16BC09F234A3}.Release|Any CPU.Build.0 = Release|Any CPU
		{740B80B1-BDA9-4520-98EA-5341D7AECAAA}.Debug|Any CPU.ActiveCfg = Debug|Any CPU
		{740B80B1-BDA9-4520-98EA-5341D7AECAAA}.Debug|Any CPU.Build.0 = Debug|Any CPU
		{740B80B1-BDA9-4520-98EA-5341D7AECAAA}.Release|Any CPU.ActiveCfg = Release|Any CPU
		{740B80B1-BDA9-4520-98EA-5341D7AECAAA}.Release|Any CPU.Build.0 = Release|Any CPU
		{01FE83F4-9A9A-4E0F-96D4-CCD72B19429A}.Debug|Any CPU.ActiveCfg = Debug|Any CPU
		{01FE83F4-9A9A-4E0F-96D4-CCD72B19429A}.Debug|Any CPU.Build.0 = Debug|Any CPU
		{01FE83F4-9A9A-4E0F-96D4-CCD72B19429A}.Release|Any CPU.ActiveCfg = Release|Any CPU
		{01FE83F4-9A9A-4E0F-96D4-CCD72B19429A}.Release|Any CPU.Build.0 = Release|Any CPU
	EndGlobalSection
	GlobalSection(SolutionProperties) = preSolution
		HideSolutionNode = FALSE
	EndGlobalSection
	GlobalSection(ExtensibilityGlobals) = postSolution
		SolutionGuid = {1094E40E-F9AE-47B0-A468-8F8FE44A9386}
	EndGlobalSection
EndGlobal
